
Microsoft Visual Studio Solution File, Format Version 12.00
# Visual Studio 15
VisualStudioVersion = 15.0.27703.2026
MinimumVisualStudioVersion = 10.0.40219.1
Project("{FAE04EC0-301F-11D3-BF4B-00C04F79EFBC}") = "WF.EnrolleeApplication.DataAccess", "WF.EnrolleeApplication.DataAccess\WF.EnrolleeApplication.DataAccess.csproj", "{254126F8-E540-406C-90A0-4D82C2C9BBE3}"
EndProject
Project("{FAE04EC0-301F-11D3-BF4B-00C04F79EFBC}") = "ConsoleApp", "ConsoleApp\ConsoleApp.csproj", "{7156E13C-CB70-4FBC-82C0-30537D363C86}"
EndProject
Global
	GlobalSection(SolutionConfigurationPlatforms) = preSolution
		Debug|Any CPU = Debug|Any CPU
		Release|Any CPU = Release|Any CPU
	EndGlobalSection
	GlobalSection(ProjectConfigurationPlatforms) = postSolution
		{254126F8-E540-406C-90A0-4D82C2C9BBE3}.Debug|Any CPU.ActiveCfg = Debug|Any CPU
		{254126F8-E540-406C-90A0-4D82C2C9BBE3}.Debug|Any CPU.Build.0 = Debug|Any CPU
		{254126F8-E540-406C-90A0-4D82C2C9BBE3}.Release|Any CPU.ActiveCfg = Release|Any CPU
		{254126F8-E540-406C-90A0-4D82C2C9BBE3}.Release|Any CPU.Build.0 = Release|Any CPU
		{7156E13C-CB70-4FBC-82C0-30537D363C86}.Debug|Any CPU.ActiveCfg = Debug|Any CPU
		{7156E13C-CB70-4FBC-82C0-30537D363C86}.Debug|Any CPU.Build.0 = Debug|Any CPU
		{7156E13C-CB70-4FBC-82C0-30537D363C86}.Release|Any CPU.ActiveCfg = Release|Any CPU
		{7156E13C-CB70-4FBC-82C0-30537D363C86}.Release|Any CPU.Build.0 = Release|Any CPU
	EndGlobalSection
	GlobalSection(SolutionProperties) = preSolution
		HideSolutionNode = FALSE
	EndGlobalSection
	GlobalSection(ExtensibilityGlobals) = postSolution
		SolutionGuid = {400A5906-3C74-4B40-BF95-7BFE0D8A1794}
	EndGlobalSection
EndGlobal
