
Microsoft Visual Studio Solution File, Format Version 12.00
# Visual Studio 15
VisualStudioVersion = 15.0.27703.2026
MinimumVisualStudioVersion = 10.0.40219.1
Project("{FAE04EC0-301F-11D3-BF4B-00C04F79EFBC}") = "WF.EnrolleeApplication.App", "WF.EnrolleeApplication.App\WF.EnrolleeApplication.App.csproj", "{C974F36F-AF09-42DC-9B7B-1D480E075294}"
EndProject
Project("{54435603-DBB4-11D2-8724-00A0C9A8B90C}") = "Setup", "Setup\Setup.vdproj", "{C48D5D0F-71CE-497F-B0AE-493DF92A98F1}"
EndProject
Global
	GlobalSection(SolutionConfigurationPlatforms) = preSolution
		Debug|Any CPU = Debug|Any CPU
		Release|Any CPU = Release|Any CPU
	EndGlobalSection
	GlobalSection(ProjectConfigurationPlatforms) = postSolution
		{C974F36F-AF09-42DC-9B7B-1D480E075294}.Debug|Any CPU.ActiveCfg = Debug|Any CPU
		{C974F36F-AF09-42DC-9B7B-1D480E075294}.Debug|Any CPU.Build.0 = Debug|Any CPU
		{C974F36F-AF09-42DC-9B7B-1D480E075294}.Release|Any CPU.ActiveCfg = Release|Any CPU
		{C974F36F-AF09-42DC-9B7B-1D480E075294}.Release|Any CPU.Build.0 = Release|Any CPU
		{C48D5D0F-71CE-497F-B0AE-493DF92A98F1}.Debug|Any CPU.ActiveCfg = Debug
		{C48D5D0F-71CE-497F-B0AE-493DF92A98F1}.Debug|Any CPU.Build.0 = Debug
		{C48D5D0F-71CE-497F-B0AE-493DF92A98F1}.Release|Any CPU.ActiveCfg = Release
	EndGlobalSection
	GlobalSection(SolutionProperties) = preSolution
		HideSolutionNode = FALSE
	EndGlobalSection
	GlobalSection(ExtensibilityGlobals) = postSolution
		SolutionGuid = {C9D9289A-F13B-433B-90BC-A272C59B988F}
	EndGlobalSection
EndGlobal
